# Generated by move; do not edit
# This file should be checked in.

[move]
version = 4

[pinned.fresh.MoveStdlib]
source = { git = "https://github.com/MystenLabs/sui.git", subdir = "crates/sui-framework/packages/move-stdlib", rev = "d034d564f84b901efe507ff8f6e4b5c8c0cb53bd" }
use_environment = "fresh"
manifest_digest = "C4FE4C91DE74CBF223B2E380AE40F592177D21870DC2D7EB6227D2D694E05363"
deps = {}

[pinned.fresh.Sui]
source = { git = "https://github.com/MystenLabs/sui.git", subdir = "crates/sui-framework/packages/sui-framework", rev = "d034d564f84b901efe507ff8f6e4b5c8c0cb53bd" }
use_environment = "fresh"
manifest_digest = "EC6D85DFFADBBDC68D81DC6F694E5CF00BC9192F6714F50F3669FD227FC1E990"
deps = { MoveStdlib = "MoveStdlib" }

[pinned.fresh.bu_token]
source = { root = true }
use_environment = "fresh"
manifest_digest = "B7EB485353029CBB90A50A662A744B527493E25C0C27366D9F705F9E6F9450E4"
deps = { contra = "contra", std = "MoveStdlib", sui = "Sui" }

[pinned.fresh.contra]
source = { local = "../../../move" }
use_environment = "fresh"
manifest_digest = "094A925BB5AC790F2CA230EA81DEA9D9590CE9D469D0574522ED29C5759A77C0"
deps = { std = "MoveStdlib", sui = "Sui" }
